
Microsoft Visual Studio Solution File, Format Version 12.00
# Visual Studio 15
VisualStudioVersion = 15.0.28307.438
MinimumVisualStudioVersion = 10.0.40219.1
Project("{FAE04EC0-301F-11D3-BF4B-00C04F79EFBC}") = "MyNetworkModule", "MyNetworkModule.csproj", "{8091AC61-1895-4C29-B1F3-01DB9634B39B}"
EndProject
Project("{FAE04EC0-301F-11D3-BF4B-00C04F79EFBC}") = "CSampleServer", "..\CSampleServer\CSampleServer.csproj", "{A70437E2-E635-40FA-8B70-30C0BE68B198}"
EndProject
Global
	GlobalSection(SolutionConfigurationPlatforms) = preSolution
		Debug|Any CPU = Debug|Any CPU
		Release|Any CPU = Release|Any CPU
	EndGlobalSection
	GlobalSection(ProjectConfigurationPlatforms) = postSolution
		{8091AC61-1895-4C29-B1F3-01DB9634B39B}.Debug|Any CPU.ActiveCfg = Debug|Any CPU
		{8091AC61-1895-4C29-B1F3-01DB9634B39B}.Debug|Any CPU.Build.0 = Debug|Any CPU
		{8091AC61-1895-4C29-B1F3-01DB9634B39B}.Release|Any CPU.ActiveCfg = Release|Any CPU
		{8091AC61-1895-4C29-B1F3-01DB9634B39B}.Release|Any CPU.Build.0 = Release|Any CPU
		{A70437E2-E635-40FA-8B70-30C0BE68B198}.Debug|Any CPU.ActiveCfg = Debug|Any CPU
		{A70437E2-E635-40FA-8B70-30C0BE68B198}.Debug|Any CPU.Build.0 = Debug|Any CPU
		{A70437E2-E635-40FA-8B70-30C0BE68B198}.Release|Any CPU.ActiveCfg = Release|Any CPU
		{A70437E2-E635-40FA-8B70-30C0BE68B198}.Release|Any CPU.Build.0 = Release|Any CPU
	EndGlobalSection
	GlobalSection(SolutionProperties) = preSolution
		HideSolutionNode = FALSE
	EndGlobalSection
	GlobalSection(ExtensibilityGlobals) = postSolution
		SolutionGuid = {A3852621-B3AF-45EA-A5DB-D4CE196D181B}
	EndGlobalSection
EndGlobal
